
Microsoft Visual Studio Solution File, Format Version 12.00
# Visual Studio Version 16
VisualStudioVersion = 16.0.30225.117
MinimumVisualStudioVersion = 10.0.40219.1
Project("{9A19103F-16F7-4668-BE54-9A1E7A4F7556}") = "MyFirstDotNetCoreApplication", "MyFirstDotNetCoreApplication.csproj", "{AF6479DB-D730-42E4-990C-30EAD151FE60}"
EndProject
Global
	GlobalSection(SolutionConfigurationPlatforms) = preSolution
		Debug|Any CPU = Debug|Any CPU
		Release|Any CPU = Release|Any CPU
	EndGlobalSection
	GlobalSection(ProjectConfigurationPlatforms) = postSolution
		{AF6479DB-D730-42E4-990C-30EAD151FE60}.Debug|Any CPU.ActiveCfg = Debug|Any CPU
		{AF6479DB-D730-42E4-990C-30EAD151FE60}.Debug|Any CPU.Build.0 = Debug|Any CPU
		{AF6479DB-D730-42E4-990C-30EAD151FE60}.Release|Any CPU.ActiveCfg = Release|Any CPU
		{AF6479DB-D730-42E4-990C-30EAD151FE60}.Release|Any CPU.Build.0 = Release|Any CPU
	EndGlobalSection
	GlobalSection(SolutionProperties) = preSolution
		HideSolutionNode = FALSE
	EndGlobalSection
	GlobalSection(ExtensibilityGlobals) = postSolution
		SolutionGuid = {D4E7C456-7F87-4717-A8C3-92CEA615153E}
	EndGlobalSection
EndGlobal
